
Microsoft Visual Studio Solution File, Format Version 12.00
# Visual Studio Version 17
VisualStudioVersion = 17.0.32112.339
MinimumVisualStudioVersion = 10.0.40219.1
Project("{FAE04EC0-301F-11D3-BF4B-00C04F79EFBC}") = "CalculadoraBien", "CalculadoraBien.csproj", "{6F7B2267-DF8E-47DF-A9EC-3FE207498FE4}"
EndProject
Global
	GlobalSection(SolutionConfigurationPlatforms) = preSolution
		Debug|Any CPU = Debug|Any CPU
		Release|Any CPU = Release|Any CPU
	EndGlobalSection
	GlobalSection(ProjectConfigurationPlatforms) = postSolution
		{6F7B2267-DF8E-47DF-A9EC-3FE207498FE4}.Debug|Any CPU.ActiveCfg = Debug|Any CPU
		{6F7B2267-DF8E-47DF-A9EC-3FE207498FE4}.Debug|Any CPU.Build.0 = Debug|Any CPU
		{6F7B2267-DF8E-47DF-A9EC-3FE207498FE4}.Release|Any CPU.ActiveCfg = Release|Any CPU
		{6F7B2267-DF8E-47DF-A9EC-3FE207498FE4}.Release|Any CPU.Build.0 = Release|Any CPU
	EndGlobalSection
	GlobalSection(SolutionProperties) = preSolution
		HideSolutionNode = FALSE
	EndGlobalSection
	GlobalSection(ExtensibilityGlobals) = postSolution
		SolutionGuid = {4AA5C1D5-2E1A-4D39-B89D-01C6AEC45357}
	EndGlobalSection
EndGlobal
